
Microsoft Visual Studio Solution File, Format Version 12.00
# Visual Studio Version 16
VisualStudioVersion = 16.0.33328.57
MinimumVisualStudioVersion = 10.0.40219.1
Project("{2150E333-8FDC-42A3-9474-1A3956D46DE8}") = "db", "db", "{E4FF8784-BFFD-4C42-8299-A4DF6E97A6D3}"
EndProject
Project("{9A19103F-16F7-4668-BE54-9A1E7A4F7556}") = "StrainEarsDB", "StrainEarsDB\StrainEarsDB.csproj", "{1C68A17A-CC2B-4186-B149-C35014A79912}"
EndProject
Project("{FAE04EC0-301F-11D3-BF4B-00C04F79EFBC}") = "StrainAPI", "StrainAPI\StrainAPI.csproj", "{876393AA-A433-436C-8C86-DE2A7950F339}"
EndProject
Global
	GlobalSection(SolutionConfigurationPlatforms) = preSolution
		Debug|Any CPU = Debug|Any CPU
		Release|Any CPU = Release|Any CPU
	EndGlobalSection
	GlobalSection(ProjectConfigurationPlatforms) = postSolution
		{1C68A17A-CC2B-4186-B149-C35014A79912}.Debug|Any CPU.ActiveCfg = Debug|Any CPU
		{1C68A17A-CC2B-4186-B149-C35014A79912}.Debug|Any CPU.Build.0 = Debug|Any CPU
		{1C68A17A-CC2B-4186-B149-C35014A79912}.Release|Any CPU.ActiveCfg = Release|Any CPU
		{1C68A17A-CC2B-4186-B149-C35014A79912}.Release|Any CPU.Build.0 = Release|Any CPU
		{876393AA-A433-436C-8C86-DE2A7950F339}.Debug|Any CPU.ActiveCfg = Debug|Any CPU
		{876393AA-A433-436C-8C86-DE2A7950F339}.Debug|Any CPU.Build.0 = Debug|Any CPU
		{876393AA-A433-436C-8C86-DE2A7950F339}.Release|Any CPU.ActiveCfg = Release|Any CPU
		{876393AA-A433-436C-8C86-DE2A7950F339}.Release|Any CPU.Build.0 = Release|Any CPU
	EndGlobalSection
	GlobalSection(SolutionProperties) = preSolution
		HideSolutionNode = FALSE
	EndGlobalSection
	GlobalSection(NestedProjects) = preSolution
		{1C68A17A-CC2B-4186-B149-C35014A79912} = {E4FF8784-BFFD-4C42-8299-A4DF6E97A6D3}
	EndGlobalSection
	GlobalSection(ExtensibilityGlobals) = postSolution
		SolutionGuid = {6B17256C-00E9-4FE0-977F-602F352812EA}
	EndGlobalSection
EndGlobal
